
Microsoft Visual Studio Solution File, Format Version 12.00
# Visual Studio Version 16
VisualStudioVersion = 16.0.30503.244
MinimumVisualStudioVersion = 10.0.40219.1
Project("{FAE04EC0-301F-11D3-BF4B-00C04F79EFBC}") = "MazeGeneratorApp", "MazeGeneratorApp\MazeGeneratorApp.csproj", "{DD1DBEFE-B3E3-4AC4-8B5C-1AFA5409877C}"
EndProject
Global
	GlobalSection(SolutionConfigurationPlatforms) = preSolution
		Debug|Any CPU = Debug|Any CPU
		Release|Any CPU = Release|Any CPU
	EndGlobalSection
	GlobalSection(ProjectConfigurationPlatforms) = postSolution
		{DD1DBEFE-B3E3-4AC4-8B5C-1AFA5409877C}.Debug|Any CPU.ActiveCfg = Debug|Any CPU
		{DD1DBEFE-B3E3-4AC4-8B5C-1AFA5409877C}.Debug|Any CPU.Build.0 = Debug|Any CPU
		{DD1DBEFE-B3E3-4AC4-8B5C-1AFA5409877C}.Release|Any CPU.ActiveCfg = Release|Any CPU
		{DD1DBEFE-B3E3-4AC4-8B5C-1AFA5409877C}.Release|Any CPU.Build.0 = Release|Any CPU
	EndGlobalSection
	GlobalSection(SolutionProperties) = preSolution
		HideSolutionNode = FALSE
	EndGlobalSection
	GlobalSection(ExtensibilityGlobals) = postSolution
		SolutionGuid = {FC8B8C2B-A990-4E48-878C-855DF5CAE3E7}
	EndGlobalSection
EndGlobal
